NeoBundleLock emmet-vim c7901281374eacc91da9f9db42d0d32cd89ad343
NeoBundleLock neobundle.vim 9a090ac0267e3825d892520e1ec8b195b9be8395
NeoBundleLock unite.vim 1a148eaf307f59c8c74bbeee20c027d8169b1c31
NeoBundleLock vim-unite-giti 2fbafb85baf89be252bcd1cf0aed8cf2226af2a9
NeoBundleLock vimproc f96e476e41ab4cdb9c37242c8cf76f1e5aa5b91d
